github.com/expgo/factory v0.0.0-20240402024458-04bced03534e h1:DnNylyglvF8Zrm4oWDLCaHX8erO5x3ozOIqbQKMjX2A=
github.com/expgo/factory v0.0.0-20240402024458-04bced03534e/go.mod h1:T+ZVWsHgs9YHF6So99KTDmRyDkkjuVqr3V14QlT04aA=
github.com/expgo/generic v0.0.0-20240323131353-339c0d4e5e11 h1:cWUgCuzaYf5WhAmgfsjQjAkug6357xree+yILbHUzIE=
github.com/expgo/generic v0.0.0-20240323131353-339c0d4e5e11/go.mod h1:Q3Y49UmlJcsKsmbWI6VA4+Z+N66PfJcSOPM+XC/N1y8=
github.com/expgo/structure v0.0.0-20240408070413-75d7f6febe00 h1:DeFvhh1mqRmI6diQxf6mEnnZsqlayd+t2Smxj3Khjrg=
github.com/expgo/structure v0.0.0-20240408070413-75d7f6febe00/go.mod h1:5vmNK2QGUV0oovMingawA6CdIIZxKhLjxxq3GLxDNXI=
github.com/expr-lang/expr v1.16.3 h1:NLldf786GffptcXNxxJx5dQ+FzeWDKChBDqOOwyK8to=
github.com/expr-lang/expr v1.16.3/go.mod h1:uCkhfG+x7fcZ5A5sXHKuQ07jGZRl6J0FCAaf2k4PtVQ=
