github.com/expgo/config v0.0.0-20240604034842-bba83e76fa3c h1:9eVXsi0ETS8PCX9xTufO+vqT7rMyo2toO4AlAofwbQc=
github.com/expgo/config v0.0.0-20240604034842-bba83e76fa3c/go.mod h1:sZl48aOcGn+SrrqrqnVB0P5TaBKBi8hHxqSDR2f0g50=
github.com/expgo/factory v0.0.0-20240402024458-04bced03534e h1:DnNylyglvF8Zrm4oWDLCaHX8erO5x3ozOIqbQKMjX2A=
github.com/expgo/factory v0.0.0-20240402024458-04bced03534e/go.mod h1:T+ZVWsHgs9YHF6So99KTDmRyDkkjuVqr3V14QlT04aA=
github.com/expgo/factory v0.0.0-20240604035123-ea8cd0ce5f85 h1:fxbgGlzTyuUOkL5ILm6m2jYBocfapblvnRcAW9wyWEM=
github.com/expgo/factory v0.0.0-20240604035123-ea8cd0ce5f85/go.mod h1:gHbkJf9+L3LLrNpOASSe8PApg100ZRUEhVaas/m8Mnw=
github.com/expgo/generic v0.0.0-20240323131353-339c0d4e5e11 h1:cWUgCuzaYf5WhAmgfsjQjAkug6357xree+yILbHUzIE=
github.com/expgo/generic v0.0.0-20240323131353-339c0d4e5e11/go.mod h1:Q3Y49UmlJcsKsmbWI6VA4+Z+N66PfJcSOPM+XC/N1y8=
github.com/expgo/log v0.0.0-20240517023735-199bf09720ed h1:IUx5xB+4ask2BoOnP7iDUpdXXpXzEw9N5sfxZOJKnAs=
github.com/expgo/log v0.0.0-20240517023735-199bf09720ed/go.mod h1:1kmeglm9dyHpv0PveRAAUFgXGk/5HpezYJpWkTo7JXI=
github.com/expgo/structure v0.0.0-20240408070413-75d7f6febe00 h1:DeFvhh1mqRmI6diQxf6mEnnZsqlayd+t2Smxj3Khjrg=
github.com/expgo/structure v0.0.0-20240408070413-75d7f6febe00/go.mod h1:5vmNK2QGUV0oovMingawA6CdIIZxKhLjxxq3GLxDNXI=
github.com/expgo/structure v0.0.0-20240515010801-898cf0e94ad3 h1:zDRvZjuqnMHH4daSbC/vO7ESOg6FhCgS2BMWH1cZs6c=
github.com/expgo/structure v0.0.0-20240515010801-898cf0e94ad3/go.mod h1:tsjqeBHjL+mbqq0OtKdvEqGXAlZpSCzJjFipV9gW/QI=
github.com/expgo/sync v0.0.0-20240603064429-fb40bfd6db49 h1:xArwIFzQo/lMdnYad0yhyoxBB8XKtnK054wWvuje5lE=
github.com/expgo/sync v0.0.0-20240603064429-fb40bfd6db49/go.mod h1:wnF7YTsjdtzdbp2kqXh9zlMGq9XkmQ2iC3uC8JkRx8M=
github.com/expr-lang/expr v1.16.3 h1:NLldf786GffptcXNxxJx5dQ+FzeWDKChBDqOOwyK8to=
github.com/expr-lang/expr v1.16.3/go.mod h1:uCkhfG+x7fcZ5A5sXHKuQ07jGZRl6J0FCAaf2k4PtVQ=
github.com/expr-lang/expr v1.16.9 h1:WUAzmR0JNI9JCiF0/ewwHB1gmcGw5wW7nWt8gc6PpCI=
github.com/expr-lang/expr v1.16.9/go.mod h1:8/vRC7+7HBzESEqt5kKpYXxrxkr31SaO8r40VO/1IT4=
github.com/gobwas/glob v0.2.3 h1:A4xDbljILXROh+kObIiy5kIaPYD8e96x1tgBhUI5J+Y=
github.com/gobwas/glob v0.2.3/go.mod h1:d3Ez4x06l9bZtSvzIay5+Yzi0fmZzPgnTbPcKjJAkT8=
github.com/petermattis/goid v0.0.0-20180202154549-b0b1615b78e5/go.mod h1:jvVRKCrJTQWu0XVbaOlby/2lO20uSCHEMzzplHXte1o=
github.com/petermattis/goid v0.0.0-20240503122002-4b96552b8156 h1:UOk0WKXxKXmHSlIkwQNhT5AWlMtkijU5pfj8bCOI9vQ=
github.com/petermattis/goid v0.0.0-20240503122002-4b96552b8156/go.mod h1:pxMtw7cyUw6B2bRH0ZBANSPg+AoSud1I1iyJHI69jH4=
github.com/sasha-s/go-deadlock v0.3.1 h1:sqv7fDNShgjcaxkO0JNcOAlr8B9+cV5Ey/OB71efZx0=
github.com/sasha-s/go-deadlock v0.3.1/go.mod h1:F73l+cr82YSh10GxyRI6qZiCgK64VaZjwesgfQ1/iLM=
github.com/thejerf/suture/v4 v4.0.5 h1:F1E/4FZwXWqvlWDKEUo6/ndLtxGAUzMmNqkrMknZbAA=
github.com/thejerf/suture/v4 v4.0.5/go.mod h1:gu9Y4dXNUWFrByqRt30Rm9/UZ0wzRSt9AJS6xu/ZGxU=
go.uber.org/multierr v1.11.0 h1:blXXJkSxSSfBVBlC76pxqeO+LN3aDfLQo+309xJstO0=
go.uber.org/multierr v1.11.0/go.mod h1:20+QtiLqy0Nd6FdQB9TLXag12DsQkrbs3htMFfDN80Y=
go.uber.org/zap v1.27.0 h1:aJMhYGrd5QSmlpLMr2MftRKl7t8J8PTZPA732ud/XR8=
go.uber.org/zap v1.27.0/go.mod h1:GB2qFLM7cTU87MWRP2mPIjqfIDnGu+VIO4V/SdhGo2E=
gopkg.in/check.v1 v0.0.0-20161208181325-20d25e280405/go.mod h1:Co6ibVJAznAaIkqp8huTwlJQCZ016jof/cbN4VW5Yz0=
gopkg.in/natefinch/lumberjack.v2 v2.2.1 h1:bBRl1b0OH9s/DuPhuXpNl+VtCaJXFZ5/uEFST95x9zc=
gopkg.in/natefinch/lumberjack.v2 v2.2.1/go.mod h1:YD8tP3GAjkrDg1eZH7EGmyESg/lsYskCTPBJVb9jqSc=
gopkg.in/yaml.v3 v3.0.1 h1:fxVm/GzAzEWqLHuvctI91KS9hhNmmWOoWu0XTYJS7CA=
gopkg.in/yaml.v3 v3.0.1/go.mod h1:K4uyk7z7BCEPqu6E+C64Yfv1cQ7kz7rIZviUmN+EgEM=
